
Microsoft Visual Studio Solution File, Format Version 12.00
# Visual Studio Version 16
VisualStudioVersion = 25.0.1706.4
MinimumVisualStudioVersion = 10.0.40219.1
Project("{FAE04EC0-301F-11D3-BF4B-00C04F79EFBC}") = "01.NumbersInRange", "12.ForLoop_Lab\01.NumbersInRange.csproj", "{B416A3EB-4BC0-42AD-9ACE-2A3BF7AA10CA}"
EndProject
Project("{FAE04EC0-301F-11D3-BF4B-00C04F79EFBC}") = "02.FirstNNumbersSum", "02.FirstNNumbersSum\02.FirstNNumbersSum.csproj", "{DFE994FB-9AE4-4ED8-95C3-3F31573C7E6F}"
EndProject
Global
	GlobalSection(SolutionConfigurationPlatforms) = preSolution
		Debug|Any CPU = Debug|Any CPU
		Release|Any CPU = Release|Any CPU
	EndGlobalSection
	GlobalSection(ProjectConfigurationPlatforms) = postSolution
		{B416A3EB-4BC0-42AD-9ACE-2A3BF7AA10CA}.Debug|Any CPU.ActiveCfg = Debug|Any CPU
		{B416A3EB-4BC0-42AD-9ACE-2A3BF7AA10CA}.Debug|Any CPU.Build.0 = Debug|Any CPU
		{B416A3EB-4BC0-42AD-9ACE-2A3BF7AA10CA}.Release|Any CPU.ActiveCfg = Release|Any CPU
		{B416A3EB-4BC0-42AD-9ACE-2A3BF7AA10CA}.Release|Any CPU.Build.0 = Release|Any CPU
		{DFE994FB-9AE4-4ED8-95C3-3F31573C7E6F}.Debug|Any CPU.ActiveCfg = Debug|Any CPU
		{DFE994FB-9AE4-4ED8-95C3-3F31573C7E6F}.Debug|Any CPU.Build.0 = Debug|Any CPU
		{DFE994FB-9AE4-4ED8-95C3-3F31573C7E6F}.Release|Any CPU.ActiveCfg = Release|Any CPU
		{DFE994FB-9AE4-4ED8-95C3-3F31573C7E6F}.Release|Any CPU.Build.0 = Release|Any CPU
	EndGlobalSection
	GlobalSection(SolutionProperties) = preSolution
		HideSolutionNode = FALSE
	EndGlobalSection
	GlobalSection(ExtensibilityGlobals) = postSolution
		SolutionGuid = {55619E16-16FB-42B8-AAD3-B11DB5D29754}
	EndGlobalSection
EndGlobal
