
Microsoft Visual Studio Solution File, Format Version 12.00
# Visual Studio Version 16
VisualStudioVersion = 25.0.1706.4
MinimumVisualStudioVersion = 10.0.40219.1
Project("{FAE04EC0-301F-11D3-BF4B-00C04F79EFBC}") = "01.AverageGrade", "01.AverageGrade\01.AverageGrade.csproj", "{1D35E710-81DA-4359-A004-7C468AC1AAF0}"
EndProject
Project("{FAE04EC0-301F-11D3-BF4B-00C04F79EFBC}") = "02.Rotations", "02.Rotations\02.Rotations.csproj", "{D074F213-9FC1-4091-AB25-A7A3CD41D6C8}"
EndProject
Global
	GlobalSection(SolutionConfigurationPlatforms) = preSolution
		Debug|Any CPU = Debug|Any CPU
		Release|Any CPU = Release|Any CPU
	EndGlobalSection
	GlobalSection(ProjectConfigurationPlatforms) = postSolution
		{1D35E710-81DA-4359-A004-7C468AC1AAF0}.Debug|Any CPU.ActiveCfg = Debug|Any CPU
		{1D35E710-81DA-4359-A004-7C468AC1AAF0}.Debug|Any CPU.Build.0 = Debug|Any CPU
		{1D35E710-81DA-4359-A004-7C468AC1AAF0}.Release|Any CPU.ActiveCfg = Release|Any CPU
		{1D35E710-81DA-4359-A004-7C468AC1AAF0}.Release|Any CPU.Build.0 = Release|Any CPU
		{D074F213-9FC1-4091-AB25-A7A3CD41D6C8}.Debug|Any CPU.ActiveCfg = Debug|Any CPU
		{D074F213-9FC1-4091-AB25-A7A3CD41D6C8}.Debug|Any CPU.Build.0 = Debug|Any CPU
		{D074F213-9FC1-4091-AB25-A7A3CD41D6C8}.Release|Any CPU.ActiveCfg = Release|Any CPU
		{D074F213-9FC1-4091-AB25-A7A3CD41D6C8}.Release|Any CPU.Build.0 = Release|Any CPU
	EndGlobalSection
	GlobalSection(SolutionProperties) = preSolution
		HideSolutionNode = FALSE
	EndGlobalSection
	GlobalSection(ExtensibilityGlobals) = postSolution
		SolutionGuid = {9C893177-649D-42E8-A31F-9DFB13F98136}
	EndGlobalSection
EndGlobal
