
Microsoft Visual Studio Solution File, Format Version 12.00
# Visual Studio Version 16
VisualStudioVersion = 25.0.1706.4
MinimumVisualStudioVersion = 10.0.40219.1
Project("{FAE04EC0-301F-11D3-BF4B-00C04F79EFBC}") = "01.NumberType", "01.NumberType\01.NumberType.csproj", "{8CA9BF0A-4A61-4F7A-B95C-00061013F830}"
EndProject
Project("{FAE04EC0-301F-11D3-BF4B-00C04F79EFBC}") = "02.ATM", "02.ATM\02.ATM.csproj", "{9D28823B-2C58-4860-AB0B-DE897F639820}"
EndProject
Project("{FAE04EC0-301F-11D3-BF4B-00C04F79EFBC}") = "03.BiggestOfFiveNumbers", "03.BiggestOfFiveNumbers\03.BiggestOfFiveNumbers.csproj", "{0A91B327-E660-41C5-819E-411EE7A6EE06}"
EndProject
Project("{FAE04EC0-301F-11D3-BF4B-00C04F79EFBC}") = "04.NumberOperations", "04.NumberOperations\04.NumberOperations.csproj", "{CFA23C59-7FCC-485D-9004-5DC956BA66BB}"
EndProject
Project("{FAE04EC0-301F-11D3-BF4B-00C04F79EFBC}") = "05.VacationExpenses", "05.VacationExpenses\05.VacationExpenses.csproj", "{4F6C2E39-6D91-4B62-B91B-696DB78A4588}"
EndProject
Project("{FAE04EC0-301F-11D3-BF4B-00C04F79EFBC}") = "06.ProductOfThreeNumbers", "06.ProductOfThreeNumbers\06.ProductOfThreeNumbers.csproj", "{B019E284-4736-4284-9EBC-C4796C439F8E}"
EndProject
Global
	GlobalSection(SolutionConfigurationPlatforms) = preSolution
		Debug|Any CPU = Debug|Any CPU
		Release|Any CPU = Release|Any CPU
	EndGlobalSection
	GlobalSection(ProjectConfigurationPlatforms) = postSolution
		{8CA9BF0A-4A61-4F7A-B95C-00061013F830}.Debug|Any CPU.ActiveCfg = Debug|Any CPU
		{8CA9BF0A-4A61-4F7A-B95C-00061013F830}.Debug|Any CPU.Build.0 = Debug|Any CPU
		{8CA9BF0A-4A61-4F7A-B95C-00061013F830}.Release|Any CPU.ActiveCfg = Release|Any CPU
		{8CA9BF0A-4A61-4F7A-B95C-00061013F830}.Release|Any CPU.Build.0 = Release|Any CPU
		{9D28823B-2C58-4860-AB0B-DE897F639820}.Debug|Any CPU.ActiveCfg = Debug|Any CPU
		{9D28823B-2C58-4860-AB0B-DE897F639820}.Debug|Any CPU.Build.0 = Debug|Any CPU
		{9D28823B-2C58-4860-AB0B-DE897F639820}.Release|Any CPU.ActiveCfg = Release|Any CPU
		{9D28823B-2C58-4860-AB0B-DE897F639820}.Release|Any CPU.Build.0 = Release|Any CPU
		{0A91B327-E660-41C5-819E-411EE7A6EE06}.Debug|Any CPU.ActiveCfg = Debug|Any CPU
		{0A91B327-E660-41C5-819E-411EE7A6EE06}.Debug|Any CPU.Build.0 = Debug|Any CPU
		{0A91B327-E660-41C5-819E-411EE7A6EE06}.Release|Any CPU.ActiveCfg = Release|Any CPU
		{0A91B327-E660-41C5-819E-411EE7A6EE06}.Release|Any CPU.Build.0 = Release|Any CPU
		{CFA23C59-7FCC-485D-9004-5DC956BA66BB}.Debug|Any CPU.ActiveCfg = Debug|Any CPU
		{CFA23C59-7FCC-485D-9004-5DC956BA66BB}.Debug|Any CPU.Build.0 = Debug|Any CPU
		{CFA23C59-7FCC-485D-9004-5DC956BA66BB}.Release|Any CPU.ActiveCfg = Release|Any CPU
		{CFA23C59-7FCC-485D-9004-5DC956BA66BB}.Release|Any CPU.Build.0 = Release|Any CPU
		{4F6C2E39-6D91-4B62-B91B-696DB78A4588}.Debug|Any CPU.ActiveCfg = Debug|Any CPU
		{4F6C2E39-6D91-4B62-B91B-696DB78A4588}.Debug|Any CPU.Build.0 = Debug|Any CPU
		{4F6C2E39-6D91-4B62-B91B-696DB78A4588}.Release|Any CPU.ActiveCfg = Release|Any CPU
		{4F6C2E39-6D91-4B62-B91B-696DB78A4588}.Release|Any CPU.Build.0 = Release|Any CPU
		{B019E284-4736-4284-9EBC-C4796C439F8E}.Debug|Any CPU.ActiveCfg = Debug|Any CPU
		{B019E284-4736-4284-9EBC-C4796C439F8E}.Debug|Any CPU.Build.0 = Debug|Any CPU
		{B019E284-4736-4284-9EBC-C4796C439F8E}.Release|Any CPU.ActiveCfg = Release|Any CPU
		{B019E284-4736-4284-9EBC-C4796C439F8E}.Release|Any CPU.Build.0 = Release|Any CPU
	EndGlobalSection
	GlobalSection(SolutionProperties) = preSolution
		HideSolutionNode = FALSE
	EndGlobalSection
	GlobalSection(ExtensibilityGlobals) = postSolution
		SolutionGuid = {952862DC-B790-4101-989A-33A517194D5C}
	EndGlobalSection
EndGlobal
